PODS:
  - BlinkSDK (0.3.0):
    - TensorFlowLiteSwift
  - TensorFlowLiteC (2.7.0):
    - TensorFlowLiteC/Core (= 2.7.0)
  - TensorFlowLiteC/Core (2.7.0)
  - TensorFlowLiteSwift (2.7.0):
    - TensorFlowLiteSwift/Core (= 2.7.0)
  - TensorFlowLiteSwift/Core (2.7.0):
    - TensorFlowLiteC (= 2.7.0)

DEPENDENCIES:
  - BlinkSDK (from `../`)

SPEC REPOS:
  trunk:
    - TensorFlowLiteC
    - TensorFlowLiteSwift

EXTERNAL SOURCES:
  BlinkSDK:
    :path: "../"

SPEC CHECKSUMS:
  BlinkSDK: b07c4c6601eaef932adfc9a96d1eade4b45a2b52
  TensorFlowLiteC: 50d75ed3640c15dcfbaf88ca4326297b445e00a1
  TensorFlowLiteSwift: fe99748dc3d58ae08bd2ff38658e3ade7038670f

PODFILE CHECKSUM: 14bf887077d6d828b95fbe10434118defcfdf0b3

COCOAPODS: 1.15.2
