{
  "pins" : [
    {
      "identity" : "tensorflowlite",
      "kind" : "remoteSourceControl",
      "location" : "https://github.com/AbdulrahmanAlaa114/TensorFlowLite.git",
      "state" : {
        "revision" : "c600db1da61cde8864d5d2912437b25f6700362d",
        "version" : "2.9.4"
      }
    }
  ],
  "version" : 2
}
